
Microsoft Visual Studio Solution File, Format Version 12.00
# Visual Studio Version 17
VisualStudioVersion = 17.5.33424.131
MinimumVisualStudioVersion = 10.0.40219.1
Project("{FAE04EC0-301F-11D3-BF4B-00C04F79EFBC}") = "Dosen", "Dosen.csproj", "{00E02608-B949-453F-8FA9-D04A0087715A}"
EndProject
Global
	GlobalSection(SolutionConfigurationPlatforms) = preSolution
		Debug|Any CPU = Debug|Any CPU
		Release|Any CPU = Release|Any CPU
	EndGlobalSection
	GlobalSection(ProjectConfigurationPlatforms) = postSolution
		{00E02608-B949-453F-8FA9-D04A0087715A}.Debug|Any CPU.ActiveCfg = Debug|Any CPU
		{00E02608-B949-453F-8FA9-D04A0087715A}.Debug|Any CPU.Build.0 = Debug|Any CPU
		{00E02608-B949-453F-8FA9-D04A0087715A}.Release|Any CPU.ActiveCfg = Release|Any CPU
		{00E02608-B949-453F-8FA9-D04A0087715A}.Release|Any CPU.Build.0 = Release|Any CPU
	EndGlobalSection
	GlobalSection(SolutionProperties) = preSolution
		HideSolutionNode = FALSE
	EndGlobalSection
	GlobalSection(ExtensibilityGlobals) = postSolution
		SolutionGuid = {3466B73E-B0B2-46AD-8C92-84F7882A97D0}
	EndGlobalSection
EndGlobal
